// !$*UTF8*$!
{
	archiveVersion = 1;
	classes = {
	};
	objectVersion = 55;
	objects = {

/* Begin PBXBuildFile section */
		BF0B829F28C71F0300211FD7 /* AfricaApp_SwiftUIApp.swift in Sources */ = {isa = PBXBuildFile; fileRef = BF0B829E28C71F0300211FD7 /* AfricaApp_SwiftUIApp.swift */; };
		BF0B82A128C71F0300211FD7 /* ContentView.swift in Sources */ = {isa = PBXBuildFile; fileRef = BF0B82A028C71F0300211FD7 /* ContentView.swift */; };
		BF0B82A328C71F0500211FD7 /* Assets.xcassets in Resources */ = {isa = PBXBuildFile; fileRef = BF0B82A228C71F0500211FD7 /* Assets.xcassets */; };
		BF0B82A628C71F0500211FD7 /* Preview Assets.xcassets in Resources */ = {isa = PBXBuildFile; fileRef = BF0B82A528C71F0500211FD7 /* Preview Assets.xcassets */; };
		BF0B82B028C71F0500211FD7 /* AfricaApp_SwiftUITests.swift in Sources */ = {isa = PBXBuildFile; fileRef = BF0B82AF28C71F0500211FD7 /* AfricaApp_SwiftUITests.swift */; };
		BF0B82BA28C71F0500211FD7 /* AfricaApp_SwiftUIUITests.swift in Sources */ = {isa = PBXBuildFile; fileRef = BF0B82B928C71F0500211FD7 /* AfricaApp_SwiftUIUITests.swift */; };
		BF0B82BC28C71F0500211FD7 /* AfricaApp_SwiftUIUITestsLaunchTests.swift in Sources */ = {isa = PBXBuildFile; fileRef = BF0B82BB28C71F0500211FD7 /* AfricaApp_SwiftUIUITestsLaunchTests.swift */; };
		BF0B82D328C720AB00211FD7 /* hippo.mp4 in Resources */ = {isa = PBXBuildFile; fileRef = BF0B82C928C720AA00211FD7 /* hippo.mp4 */; };
		BF0B82D428C720AB00211FD7 /* lioness.mp4 in Resources */ = {isa = PBXBuildFile; fileRef = BF0B82CA28C720AA00211FD7 /* lioness.mp4 */; };
		BF0B82D528C720AB00211FD7 /* lion.mp4 in Resources */ = {isa = PBXBuildFile; fileRef = BF0B82CB28C720AA00211FD7 /* lion.mp4 */; };
		BF0B82D628C720AB00211FD7 /* elephant.mp4 in Resources */ = {isa = PBXBuildFile; fileRef = BF0B82CC28C720AA00211FD7 /* elephant.mp4 */; };
		BF0B82D728C720AB00211FD7 /* ostrich.mp4 in Resources */ = {isa = PBXBuildFile; fileRef = BF0B82CD28C720AA00211FD7 /* ostrich.mp4 */; };
		BF0B82D828C720AB00211FD7 /* zebra.mp4 in Resources */ = {isa = PBXBuildFile; fileRef = BF0B82CE28C720AB00211FD7 /* zebra.mp4 */; };
		BF0B82D928C720AB00211FD7 /* giraffe.mp4 in Resources */ = {isa = PBXBuildFile; fileRef = BF0B82CF28C720AB00211FD7 /* giraffe.mp4 */; };
		BF0B82DA28C720AB00211FD7 /* cheetah.mp4 in Resources */ = {isa = PBXBuildFile; fileRef = BF0B82D028C720AB00211FD7 /* cheetah.mp4 */; };
		BF0B82DB28C720AB00211FD7 /* rhino.mp4 in Resources */ = {isa = PBXBuildFile; fileRef = BF0B82D128C720AB00211FD7 /* rhino.mp4 */; };
		BF0B82DC28C720AB00211FD7 /* gorilla.mp4 in Resources */ = {isa = PBXBuildFile; fileRef = BF0B82D228C720AB00211FD7 /* gorilla.mp4 */; };
		BF0B82E228C720D700211FD7 /* locations.json in Resources */ = {isa = PBXBuildFile; fileRef = BF0B82DE28C720D700211FD7 /* locations.json */; };
		BF0B82E328C720D700211FD7 /* covers.json in Resources */ = {isa = PBXBuildFile; fileRef = BF0B82DF28C720D700211FD7 /* covers.json */; };
		BF0B82E428C720D700211FD7 /* videos.json in Resources */ = {isa = PBXBuildFile; fileRef = BF0B82E028C720D700211FD7 /* videos.json */; };
		BF0B82E528C720D700211FD7 /* animals.json in Resources */ = {isa = PBXBuildFile; fileRef = BF0B82E128C720D700211FD7 /* animals.json */; };
		BF0B82E928C7221400211FD7 /* VideoListView.swift in Sources */ = {isa = PBXBuildFile; fileRef = BF0B82E828C7221400211FD7 /* VideoListView.swift */; };
		BF0B82EB28C7222200211FD7 /* MapView.swift in Sources */ = {isa = PBXBuildFile; fileRef = BF0B82EA28C7222200211FD7 /* MapView.swift */; };
		BF0B82ED28C7222F00211FD7 /* GalleryView.swift in Sources */ = {isa = PBXBuildFile; fileRef = BF0B82EC28C7222F00211FD7 /* GalleryView.swift */; };
		BF0B82EF28C7223F00211FD7 /* MainView.swift in Sources */ = {isa = PBXBuildFile; fileRef = BF0B82EE28C7223F00211FD7 /* MainView.swift */; };
		BF1C458228C733A700B1DB43 /* CoverImageView.swift in Sources */ = {isa = PBXBuildFile; fileRef = BF1C458128C733A700B1DB43 /* CoverImageView.swift */; };
		BF1C458528C7363E00B1DB43 /* CoverImageModel.swift in Sources */ = {isa = PBXBuildFile; fileRef = BF1C458428C7363E00B1DB43 /* CoverImageModel.swift */; };
		BF1C458828C737ED00B1DB43 /* CodableBundleExtension.swift in Sources */ = {isa = PBXBuildFile; fileRef = BF1C458728C737ED00B1DB43 /* CodableBundleExtension.swift */; };
		BF1C458A28C73EE700B1DB43 /* AnimalListItemView.swift in Sources */ = {isa = PBXBuildFile; fileRef = BF1C458928C73EE700B1DB43 /* AnimalListItemView.swift */; };
		BF1C458C28C8C9A500B1DB43 /* AnimalModel.swift in Sources */ = {isa = PBXBuildFile; fileRef = BF1C458B28C8C9A500B1DB43 /* AnimalModel.swift */; };
		BF39EC3128CA287800F82ADB /* InsetFactView.swift in Sources */ = {isa = PBXBuildFile; fileRef = BF39EC3028CA287800F82ADB /* InsetFactView.swift */; };
		BF39EC3328CA2AA700F82ADB /* InsetMapView.swift in Sources */ = {isa = PBXBuildFile; fileRef = BF39EC3228CA2AA700F82ADB /* InsetMapView.swift */; };
		BF39EC3528CA2E2900F82ADB /* ExternalWeblinkView.swift in Sources */ = {isa = PBXBuildFile; fileRef = BF39EC3428CA2E2900F82ADB /* ExternalWeblinkView.swift */; };
		BF39EC3928CB0B5800F82ADB /* VideoModel.swift in Sources */ = {isa = PBXBuildFile; fileRef = BF39EC3828CB0B5800F82ADB /* VideoModel.swift */; };
		BF39EC3B28CB0B9F00F82ADB /* VideoListItemView.swift in Sources */ = {isa = PBXBuildFile; fileRef = BF39EC3A28CB0B9F00F82ADB /* VideoListItemView.swift */; };
		BF39EC3D28CB10A400F82ADB /* VideoPlayerView.swift in Sources */ = {isa = PBXBuildFile; fileRef = BF39EC3C28CB10A400F82ADB /* VideoPlayerView.swift */; };
		BF39EC4028CB116E00F82ADB /* VideoPlayerHelper.swift in Sources */ = {isa = PBXBuildFile; fileRef = BF39EC3F28CB116E00F82ADB /* VideoPlayerHelper.swift */; };
		BFEC0D0B28C8DB6500FD63A0 /* AnimalDetailView.swift in Sources */ = {isa = PBXBuildFile; fileRef = BFEC0D0A28C8DB6500FD63A0 /* AnimalDetailView.swift */; };
		BFEC0D0D28C8DD2E00FD63A0 /* HeadingView.swift in Sources */ = {isa = PBXBuildFile; fileRef = BFEC0D0C28C8DD2E00FD63A0 /* HeadingView.swift */; };
		BFEC0D0F28C8DE2F00FD63A0 /* InsetGalleryView.swift in Sources */ = {isa = PBXBuildFile; fileRef = BFEC0D0E28C8DE2F00FD63A0 /* InsetGalleryView.swift */; };
/* End PBXBuildFile section */

/* Begin PBXContainerItemProxy section */
		BF0B82AC28C71F0500211FD7 /* PBXContainerItemProxy */ = {
			isa = PBXContainerItemProxy;
			containerPortal = BF0B829328C71F0300211FD7 /* Project object */;
			proxyType = 1;
			remoteGlobalIDString = BF0B829A28C71F0300211FD7;
			remoteInfo = "AfricaApp-SwiftUI";
		};
		BF0B82B628C71F0500211FD7 /* PBXContainerItemProxy */ = {
			isa = PBXContainerItemProxy;
			containerPortal = BF0B829328C71F0300211FD7 /* Project object */;
			proxyType = 1;
			remoteGlobalIDString = BF0B829A28C71F0300211FD7;
			remoteInfo = "AfricaApp-SwiftUI";
		};
/* End PBXContainerItemProxy section */

/* Begin PBXFileReference section */
		BF0B829B28C71F0300211FD7 /* AfricaApp-SwiftUI.app */ = {isa = PBXFileReference; explicitFileType = wrapper.application; includeInIndex = 0; path = "AfricaApp-SwiftUI.app"; sourceTree = BUILT_PRODUCTS_DIR; };
		BF0B829E28C71F0300211FD7 /* AfricaApp_SwiftUIApp.swift */ = {isa = PBXFileReference; lastKnownFileType = sourcecode.swift; path = AfricaApp_SwiftUIApp.swift; sourceTree = "<group>"; };
		BF0B82A028C71F0300211FD7 /* ContentView.swift */ = {isa = PBXFileReference; lastKnownFileType = sourcecode.swift; path = ContentView.swift; sourceTree = "<group>"; };
		BF0B82A228C71F0500211FD7 /* Assets.xcassets */ = {isa = PBXFileReference; lastKnownFileType = folder.assetcatalog; path = Assets.xcassets; sourceTree = "<group>"; };
		BF0B82A528C71F0500211FD7 /* Preview Assets.xcassets */ = {isa = PBXFileReference; lastKnownFileType = folder.assetcatalog; path = "Preview Assets.xcassets"; sourceTree = "<group>"; };
		BF0B82AB28C71F0500211FD7 /* AfricaApp-SwiftUITests.xctest */ = {isa = PBXFileReference; explicitFileType = wrapper.cfbundle; includeInIndex = 0; path = "AfricaApp-SwiftUITests.xctest"; sourceTree = BUILT_PRODUCTS_DIR; };
		BF0B82AF28C71F0500211FD7 /* AfricaApp_SwiftUITests.swift */ = {isa = PBXFileReference; lastKnownFileType = sourcecode.swift; path = AfricaApp_SwiftUITests.swift; sourceTree = "<group>"; };
		BF0B82B528C71F0500211FD7 /* AfricaApp-SwiftUIUITests.xctest */ = {isa = PBXFileReference; explicitFileType = wrapper.cfbundle; includeInIndex = 0; path = "AfricaApp-SwiftUIUITests.xctest"; sourceTree = BUILT_PRODUCTS_DIR; };
		BF0B82B928C71F0500211FD7 /* AfricaApp_SwiftUIUITests.swift */ = {isa = PBXFileReference; lastKnownFileType = sourcecode.swift; path = AfricaApp_SwiftUIUITests.swift; sourceTree = "<group>"; };
		BF0B82BB28C71F0500211FD7 /* AfricaApp_SwiftUIUITestsLaunchTests.swift */ = {isa = PBXFileReference; lastKnownFileType = sourcecode.swift; path = AfricaApp_SwiftUIUITestsLaunchTests.swift; sourceTree = "<group>"; };
		BF0B82C928C720AA00211FD7 /* hippo.mp4 */ = {isa = PBXFileReference; lastKnownFileType = file; path = hippo.mp4; sourceTree = "<group>"; };
		BF0B82CA28C720AA00211FD7 /* lioness.mp4 */ = {isa = PBXFileReference; lastKnownFileType = file; path = lioness.mp4; sourceTree = "<group>"; };
		BF0B82CB28C720AA00211FD7 /* lion.mp4 */ = {isa = PBXFileReference; lastKnownFileType = file; path = lion.mp4; sourceTree = "<group>"; };
		BF0B82CC28C720AA00211FD7 /* elephant.mp4 */ = {isa = PBXFileReference; lastKnownFileType = file; path = elephant.mp4; sourceTree = "<group>"; };
		BF0B82CD28C720AA00211FD7 /* ostrich.mp4 */ = {isa = PBXFileReference; lastKnownFileType = file; path = ostrich.mp4; sourceTree = "<group>"; };
		BF0B82CE28C720AB00211FD7 /* zebra.mp4 */ = {isa = PBXFileReference; lastKnownFileType = file; path = zebra.mp4; sourceTree = "<group>"; };
		BF0B82CF28C720AB00211FD7 /* giraffe.mp4 */ = {isa = PBXFileReference; lastKnownFileType = file; path = giraffe.mp4; sourceTree = "<group>"; };
		BF0B82D028C720AB00211FD7 /* cheetah.mp4 */ = {isa = PBXFileReference; lastKnownFileType = file; path = cheetah.mp4; sourceTree = "<group>"; };
		BF0B82D128C720AB00211FD7 /* rhino.mp4 */ = {isa = PBXFileReference; lastKnownFileType = file; path = rhino.mp4; sourceTree = "<group>"; };
		BF0B82D228C720AB00211FD7 /* gorilla.mp4 */ = {isa = PBXFileReference; lastKnownFileType = file; path = gorilla.mp4; sourceTree = "<group>"; };
		BF0B82DE28C720D700211FD7 /* locations.json */ = {isa = PBXFileReference; fileEncoding = 4; lastKnownFileType = text.json; path = locations.json; sourceTree = "<group>"; };
		BF0B82DF28C720D700211FD7 /* covers.json */ = {isa = PBXFileReference; fileEncoding = 4; lastKnownFileType = text.json; path = covers.json; sourceTree = "<group>"; };
		BF0B82E028C720D700211FD7 /* videos.json */ = {isa = PBXFileReference; fileEncoding = 4; lastKnownFileType = text.json; path = videos.json; sourceTree = "<group>"; };
		BF0B82E128C720D700211FD7 /* animals.json */ = {isa = PBXFileReference; fileEncoding = 4; lastKnownFileType = text.json; path = animals.json; sourceTree = "<group>"; };
		BF0B82E628C7217600211FD7 /* Info.plist */ = {isa = PBXFileReference; lastKnownFileType = text.plist; path = Info.plist; sourceTree = "<group>"; };
		BF0B82E828C7221400211FD7 /* VideoListView.swift */ = {isa = PBXFileReference; lastKnownFileType = sourcecode.swift; path = VideoListView.swift; sourceTree = "<group>"; };
		BF0B82EA28C7222200211FD7 /* MapView.swift */ = {isa = PBXFileReference; lastKnownFileType = sourcecode.swift; path = MapView.swift; sourceTree = "<group>"; };
		BF0B82EC28C7222F00211FD7 /* GalleryView.swift */ = {isa = PBXFileReference; lastKnownFileType = sourcecode.swift; path = GalleryView.swift; sourceTree = "<group>"; };
		BF0B82EE28C7223F00211FD7 /* MainView.swift */ = {isa = PBXFileReference; lastKnownFileType = sourcecode.swift; path = MainView.swift; sourceTree = "<group>"; };
		BF1C458128C733A700B1DB43 /* CoverImageView.swift */ = {isa = PBXFileReference; lastKnownFileType = sourcecode.swift; path = CoverImageView.swift; sourceTree = "<group>"; };
		BF1C458428C7363E00B1DB43 /* CoverImageModel.swift */ = {isa = PBXFileReference; lastKnownFileType = sourcecode.swift; path = CoverImageModel.swift; sourceTree = "<group>"; };
		BF1C458728C737ED00B1DB43 /* CodableBundleExtension.swift */ = {isa = PBXFileReference; lastKnownFileType = sourcecode.swift; path = CodableBundleExtension.swift; sourceTree = "<group>"; };
		BF1C458928C73EE700B1DB43 /* AnimalListItemView.swift */ = {isa = PBXFileReference; lastKnownFileType = sourcecode.swift; path = AnimalListItemView.swift; sourceTree = "<group>"; };
		BF1C458B28C8C9A500B1DB43 /* AnimalModel.swift */ = {isa = PBXFileReference; lastKnownFileType = sourcecode.swift; path = AnimalModel.swift; sourceTree = "<group>"; };
		BF39EC3028CA287800F82ADB /* InsetFactView.swift */ = {isa = PBXFileReference; lastKnownFileType = sourcecode.swift; path = InsetFactView.swift; sourceTree = "<group>"; };
		BF39EC3228CA2AA700F82ADB /* InsetMapView.swift */ = {isa = PBXFileReference; lastKnownFileType = sourcecode.swift; path = InsetMapView.swift; sourceTree = "<group>"; };
		BF39EC3428CA2E2900F82ADB /* ExternalWeblinkView.swift */ = {isa = PBXFileReference; lastKnownFileType = sourcecode.swift; path = ExternalWeblinkView.swift; sourceTree = "<group>"; };
		BF39EC3828CB0B5800F82ADB /* VideoModel.swift */ = {isa = PBXFileReference; lastKnownFileType = sourcecode.swift; path = VideoModel.swift; sourceTree = "<group>"; };
		BF39EC3A28CB0B9F00F82ADB /* VideoListItemView.swift */ = {isa = PBXFileReference; lastKnownFileType = sourcecode.swift; path = VideoListItemView.swift; sourceTree = "<group>"; };
		BF39EC3C28CB10A400F82ADB /* VideoPlayerView.swift */ = {isa = PBXFileReference; lastKnownFileType = sourcecode.swift; path = VideoPlayerView.swift; sourceTree = "<group>"; };
		BF39EC3F28CB116E00F82ADB /* VideoPlayerHelper.swift */ = {isa = PBXFileReference; lastKnownFileType = sourcecode.swift; path = VideoPlayerHelper.swift; sourceTree = "<group>"; };
		BFEC0D0A28C8DB6500FD63A0 /* AnimalDetailView.swift */ = {isa = PBXFileReference; lastKnownFileType = sourcecode.swift; path = AnimalDetailView.swift; sourceTree = "<group>"; };
		BFEC0D0C28C8DD2E00FD63A0 /* HeadingView.swift */ = {isa = PBXFileReference; lastKnownFileType = sourcecode.swift; path = HeadingView.swift; sourceTree = "<group>"; };
		BFEC0D0E28C8DE2F00FD63A0 /* InsetGalleryView.swift */ = {isa = PBXFileReference; lastKnownFileType = sourcecode.swift; path = InsetGalleryView.swift; sourceTree = "<group>"; };
/* End PBXFileReference section */

/* Begin PBXFrameworksBuildPhase section */
		BF0B829828C71F0300211FD7 /* Frameworks */ = {
			isa = PBXFrameworksBuildPhase;
			buildActionMask = 2147483647;
			files = (
			);
			runOnlyForDeploymentPostprocessing = 0;
		};
		BF0B82A828C71F0500211FD7 /* Frameworks */ = {
			isa = PBXFrameworksBuildPhase;
			buildActionMask = 2147483647;
			files = (
			);
			runOnlyForDeploymentPostprocessing = 0;
		};
		BF0B82B228C71F0500211FD7 /* Frameworks */ = {
			isa = PBXFrameworksBuildPhase;
			buildActionMask = 2147483647;
			files = (
			);
			runOnlyForDeploymentPostprocessing = 0;
		};
/* End PBXFrameworksBuildPhase section */

/* Begin PBXGroup section */
		BF0B829228C71F0300211FD7 = {
			isa = PBXGroup;
			children = (
				BF0B829D28C71F0300211FD7 /* AfricaApp-SwiftUI */,
				BF0B82AE28C71F0500211FD7 /* AfricaApp-SwiftUITests */,
				BF0B82B828C71F0500211FD7 /* AfricaApp-SwiftUIUITests */,
				BF0B829C28C71F0300211FD7 /* Products */,
			);
			sourceTree = "<group>";
		};
		BF0B829C28C71F0300211FD7 /* Products */ = {
			isa = PBXGroup;
			children = (
				BF0B829B28C71F0300211FD7 /* AfricaApp-SwiftUI.app */,
				BF0B82AB28C71F0500211FD7 /* AfricaApp-SwiftUITests.xctest */,
				BF0B82B528C71F0500211FD7 /* AfricaApp-SwiftUIUITests.xctest */,
			);
			name = Products;
			sourceTree = "<group>";
		};
		BF0B829D28C71F0300211FD7 /* AfricaApp-SwiftUI */ = {
			isa = PBXGroup;
			children = (
				BF39EC3E28CB115F00F82ADB /* Utilities */,
				BF0B82E628C7217600211FD7 /* Info.plist */,
				BF1C458328C7362F00B1DB43 /* Model */,
				BF0B82DD28C720C800211FD7 /* Data */,
				BF1C458628C737B700B1DB43 /* Extension */,
				BF0B82C828C7209100211FD7 /* Video */,
				BF1C458028C7338800B1DB43 /* View (VM) */,
				BF0B82E728C721E200211FD7 /* App (V) */,
				BF0B82A228C71F0500211FD7 /* Assets.xcassets */,
				BF0B82A428C71F0500211FD7 /* Preview Content */,
			);
			path = "AfricaApp-SwiftUI";
			sourceTree = "<group>";
		};
		BF0B82A428C71F0500211FD7 /* Preview Content */ = {
			isa = PBXGroup;
			children = (
				BF0B82A528C71F0500211FD7 /* Preview Assets.xcassets */,
			);
			path = "Preview Content";
			sourceTree = "<group>";
		};
		BF0B82AE28C71F0500211FD7 /* AfricaApp-SwiftUITests */ = {
			isa = PBXGroup;
			children = (
				BF0B82AF28C71F0500211FD7 /* AfricaApp_SwiftUITests.swift */,
			);
			path = "AfricaApp-SwiftUITests";
			sourceTree = "<group>";
		};
		BF0B82B828C71F0500211FD7 /* AfricaApp-SwiftUIUITests */ = {
			isa = PBXGroup;
			children = (
				BF0B82B928C71F0500211FD7 /* AfricaApp_SwiftUIUITests.swift */,
				BF0B82BB28C71F0500211FD7 /* AfricaApp_SwiftUIUITestsLaunchTests.swift */,
			);
			path = "AfricaApp-SwiftUIUITests";
			sourceTree = "<group>";
		};
		BF0B82C828C7209100211FD7 /* Video */ = {
			isa = PBXGroup;
			children = (
				BF0B82D028C720AB00211FD7 /* cheetah.mp4 */,
				BF0B82CC28C720AA00211FD7 /* elephant.mp4 */,
				BF0B82CF28C720AB00211FD7 /* giraffe.mp4 */,
				BF0B82D228C720AB00211FD7 /* gorilla.mp4 */,
				BF0B82C928C720AA00211FD7 /* hippo.mp4 */,
				BF0B82CB28C720AA00211FD7 /* lion.mp4 */,
				BF0B82CA28C720AA00211FD7 /* lioness.mp4 */,
				BF0B82CD28C720AA00211FD7 /* ostrich.mp4 */,
				BF0B82D128C720AB00211FD7 /* rhino.mp4 */,
				BF0B82CE28C720AB00211FD7 /* zebra.mp4 */,
			);
			path = Video;
			sourceTree = "<group>";
		};
		BF0B82DD28C720C800211FD7 /* Data */ = {
			isa = PBXGroup;
			children = (
				BF0B82E128C720D700211FD7 /* animals.json */,
				BF0B82DF28C720D700211FD7 /* covers.json */,
				BF0B82DE28C720D700211FD7 /* locations.json */,
				BF0B82E028C720D700211FD7 /* videos.json */,
			);
			path = Data;
			sourceTree = "<group>";
		};
		BF0B82E728C721E200211FD7 /* App (V) */ = {
			isa = PBXGroup;
			children = (
				BF0B829E28C71F0300211FD7 /* AfricaApp_SwiftUIApp.swift */,
				BF0B82EE28C7223F00211FD7 /* MainView.swift */,
				BF0B82A028C71F0300211FD7 /* ContentView.swift */,
				BF0B82E828C7221400211FD7 /* VideoListView.swift */,
				BF0B82EA28C7222200211FD7 /* MapView.swift */,
				BF0B82EC28C7222F00211FD7 /* GalleryView.swift */,
			);
			path = "App (V)";
			sourceTree = "<group>";
		};
		BF1C458028C7338800B1DB43 /* View (VM) */ = {
			isa = PBXGroup;
			children = (
				BF1C458128C733A700B1DB43 /* CoverImageView.swift */,
				BF1C458928C73EE700B1DB43 /* AnimalListItemView.swift */,
				BFEC0D0A28C8DB6500FD63A0 /* AnimalDetailView.swift */,
				BFEC0D0C28C8DD2E00FD63A0 /* HeadingView.swift */,
				BFEC0D0E28C8DE2F00FD63A0 /* InsetGalleryView.swift */,
				BF39EC3028CA287800F82ADB /* InsetFactView.swift */,
				BF39EC3228CA2AA700F82ADB /* InsetMapView.swift */,
				BF39EC3428CA2E2900F82ADB /* ExternalWeblinkView.swift */,
				BF39EC3A28CB0B9F00F82ADB /* VideoListItemView.swift */,
				BF39EC3C28CB10A400F82ADB /* VideoPlayerView.swift */,
			);
			path = "View (VM)";
			sourceTree = "<group>";
		};
		BF1C458328C7362F00B1DB43 /* Model */ = {
			isa = PBXGroup;
			children = (
				BF1C458428C7363E00B1DB43 /* CoverImageModel.swift */,
				BF1C458B28C8C9A500B1DB43 /* AnimalModel.swift */,
				BF39EC3828CB0B5800F82ADB /* VideoModel.swift */,
			);
			path = Model;
			sourceTree = "<group>";
		};
		BF1C458628C737B700B1DB43 /* Extension */ = {
			isa = PBXGroup;
			children = (
				BF1C458728C737ED00B1DB43 /* CodableBundleExtension.swift */,
			);
			path = Extension;
			sourceTree = "<group>";
		};
		BF39EC3E28CB115F00F82ADB /* Utilities */ = {
			isa = PBXGroup;
			children = (
				BF39EC3F28CB116E00F82ADB /* VideoPlayerHelper.swift */,
			);
			path = Utilities;
			sourceTree = "<group>";
		};
/* End PBXGroup section */

/* Begin PBXNativeTarget section */
		BF0B829A28C71F0300211FD7 /* AfricaApp-SwiftUI */ = {
			isa = PBXNativeTarget;
			buildConfigurationList = BF0B82BF28C71F0500211FD7 /* Build configuration list for PBXNativeTarget "AfricaApp-SwiftUI" */;
			buildPhases = (
				BF0B829728C71F0300211FD7 /* Sources */,
				BF0B829828C71F0300211FD7 /* Frameworks */,
				BF0B829928C71F0300211FD7 /* Resources */,
			);
			buildRules = (
			);
			dependencies = (
			);
			name = "AfricaApp-SwiftUI";
			productName = "AfricaApp-SwiftUI";
			productReference = BF0B829B28C71F0300211FD7 /* AfricaApp-SwiftUI.app */;
			productType = "com.apple.product-type.application";
		};
		BF0B82AA28C71F0500211FD7 /* AfricaApp-SwiftUITests */ = {
			isa = PBXNativeTarget;
			buildConfigurationList = BF0B82C228C71F0500211FD7 /* Build configuration list for PBXNativeTarget "AfricaApp-SwiftUITests" */;
			buildPhases = (
				BF0B82A728C71F0500211FD7 /* Sources */,
				BF0B82A828C71F0500211FD7 /* Frameworks */,
				BF0B82A928C71F0500211FD7 /* Resources */,
			);
			buildRules = (
			);
			dependencies = (
				BF0B82AD28C71F0500211FD7 /* PBXTargetDependency */,
			);
			name = "AfricaApp-SwiftUITests";
			productName = "AfricaApp-SwiftUITests";
			productReference = BF0B82AB28C71F0500211FD7 /* AfricaApp-SwiftUITests.xctest */;
			productType = "com.apple.product-type.bundle.unit-test";
		};
		BF0B82B428C71F0500211FD7 /* AfricaApp-SwiftUIUITests */ = {
			isa = PBXNativeTarget;
			buildConfigurationList = BF0B82C528C71F0500211FD7 /* Build configuration list for PBXNativeTarget "AfricaApp-SwiftUIUITests" */;
			buildPhases = (
				BF0B82B128C71F0500211FD7 /* Sources */,
				BF0B82B228C71F0500211FD7 /* Frameworks */,
				BF0B82B328C71F0500211FD7 /* Resources */,
			);
			buildRules = (
			);
			dependencies = (
				BF0B82B728C71F0500211FD7 /* PBXTargetDependency */,
			);
			name = "AfricaApp-SwiftUIUITests";
			productName = "AfricaApp-SwiftUIUITests";
			productReference = BF0B82B528C71F0500211FD7 /* AfricaApp-SwiftUIUITests.xctest */;
			productType = "com.apple.product-type.bundle.ui-testing";
		};
/* End PBXNativeTarget section */

/* Begin PBXProject section */
		BF0B829328C71F0300211FD7 /* Project object */ = {
			isa = PBXProject;
			attributes = {
				BuildIndependentTargetsInParallel = 1;
				LastSwiftUpdateCheck = 1340;
				LastUpgradeCheck = 1340;
				TargetAttributes = {
					BF0B829A28C71F0300211FD7 = {
						CreatedOnToolsVersion = 13.4.1;
					};
					BF0B82AA28C71F0500211FD7 = {
						CreatedOnToolsVersion = 13.4.1;
						TestTargetID = BF0B829A28C71F0300211FD7;
					};
					BF0B82B428C71F0500211FD7 = {
						CreatedOnToolsVersion = 13.4.1;
						TestTargetID = BF0B829A28C71F0300211FD7;
					};
				};
			};
			buildConfigurationList = BF0B829628C71F0300211FD7 /* Build configuration list for PBXProject "AfricaApp-SwiftUI" */;
			compatibilityVersion = "Xcode 13.0";
			developmentRegion = en;
			hasScannedForEncodings = 0;
			knownRegions = (
				en,
				Base,
			);
			mainGroup = BF0B829228C71F0300211FD7;
			productRefGroup = BF0B829C28C71F0300211FD7 /* Products */;
			projectDirPath = "";
			projectRoot = "";
			targets = (
				BF0B829A28C71F0300211FD7 /* AfricaApp-SwiftUI */,
				BF0B82AA28C71F0500211FD7 /* AfricaApp-SwiftUITests */,
				BF0B82B428C71F0500211FD7 /* AfricaApp-SwiftUIUITests */,
			);
		};
/* End PBXProject section */

/* Begin PBXResourcesBuildPhase section */
		BF0B829928C71F0300211FD7 /* Resources */ = {
			isa = PBXResourcesBuildPhase;
			buildActionMask = 2147483647;
			files = (
				BF0B82E228C720D700211FD7 /* locations.json in Resources */,
				BF0B82A628C71F0500211FD7 /* Preview Assets.xcassets in Resources */,
				BF0B82E428C720D700211FD7 /* videos.json in Resources */,
				BF0B82D728C720AB00211FD7 /* ostrich.mp4 in Resources */,
				BF0B82D328C720AB00211FD7 /* hippo.mp4 in Resources */,
				BF0B82D628C720AB00211FD7 /* elephant.mp4 in Resources */,
				BF0B82DC28C720AB00211FD7 /* gorilla.mp4 in Resources */,
				BF0B82D828C720AB00211FD7 /* zebra.mp4 in Resources */,
				BF0B82E328C720D700211FD7 /* covers.json in Resources */,
				BF0B82E528C720D700211FD7 /* animals.json in Resources */,
				BF0B82A328C71F0500211FD7 /* Assets.xcassets in Resources */,
				BF0B82DA28C720AB00211FD7 /* cheetah.mp4 in Resources */,
				BF0B82D528C720AB00211FD7 /* lion.mp4 in Resources */,
				BF0B82D428C720AB00211FD7 /* lioness.mp4 in Resources */,
				BF0B82DB28C720AB00211FD7 /* rhino.mp4 in Resources */,
				BF0B82D928C720AB00211FD7 /* giraffe.mp4 in Resources */,
			);
			runOnlyForDeploymentPostprocessing = 0;
		};
		BF0B82A928C71F0500211FD7 /* Resources */ = {
			isa = PBXResourcesBuildPhase;
			buildActionMask = 2147483647;
			files = (
			);
			runOnlyForDeploymentPostprocessing = 0;
		};
		BF0B82B328C71F0500211FD7 /* Resources */ = {
			isa = PBXResourcesBuildPhase;
			buildActionMask = 2147483647;
			files = (
			);
			runOnlyForDeploymentPostprocessing = 0;
		};
/* End PBXResourcesBuildPhase section */

/* Begin PBXSourcesBuildPhase section */
		BF0B829728C71F0300211FD7 /* Sources */ = {
			isa = PBXSourcesBuildPhase;
			buildActionMask = 2147483647;
			files = (
				BF39EC3528CA2E2900F82ADB /* ExternalWeblinkView.swift in Sources */,
				BF0B82A128C71F0300211FD7 /* ContentView.swift in Sources */,
				BF1C458A28C73EE700B1DB43 /* AnimalListItemView.swift in Sources */,
				BF0B82EF28C7223F00211FD7 /* MainView.swift in Sources */,
				BF39EC3128CA287800F82ADB /* InsetFactView.swift in Sources */,
				BF1C458228C733A700B1DB43 /* CoverImageView.swift in Sources */,
				BF1C458528C7363E00B1DB43 /* CoverImageModel.swift in Sources */,
				BFEC0D0B28C8DB6500FD63A0 /* AnimalDetailView.swift in Sources */,
				BF1C458C28C8C9A500B1DB43 /* AnimalModel.swift in Sources */,
				BF0B82EB28C7222200211FD7 /* MapView.swift in Sources */,
				BF39EC4028CB116E00F82ADB /* VideoPlayerHelper.swift in Sources */,
				BF39EC3328CA2AA700F82ADB /* InsetMapView.swift in Sources */,
				BF0B829F28C71F0300211FD7 /* AfricaApp_SwiftUIApp.swift in Sources */,
				BF0B82E928C7221400211FD7 /* VideoListView.swift in Sources */,
				BF39EC3928CB0B5800F82ADB /* VideoModel.swift in Sources */,
				BF0B82ED28C7222F00211FD7 /* GalleryView.swift in Sources */,
				BFEC0D0F28C8DE2F00FD63A0 /* InsetGalleryView.swift in Sources */,
				BF39EC3B28CB0B9F00F82ADB /* VideoListItemView.swift in Sources */,
				BF1C458828C737ED00B1DB43 /* CodableBundleExtension.swift in Sources */,
				BFEC0D0D28C8DD2E00FD63A0 /* HeadingView.swift in Sources */,
				BF39EC3D28CB10A400F82ADB /* VideoPlayerView.swift in Sources */,
			);
			runOnlyForDeploymentPostprocessing = 0;
		};
		BF0B82A728C71F0500211FD7 /* Sources */ = {
			isa = PBXSourcesBuildPhase;
			buildActionMask = 2147483647;
			files = (
				BF0B82B028C71F0500211FD7 /* AfricaApp_SwiftUITests.swift in Sources */,
			);
			runOnlyForDeploymentPostprocessing = 0;
		};
		BF0B82B128C71F0500211FD7 /* Sources */ = {
			isa = PBXSourcesBuildPhase;
			buildActionMask = 2147483647;
			files = (
				BF0B82BC28C71F0500211FD7 /* AfricaApp_SwiftUIUITestsLaunchTests.swift in Sources */,
				BF0B82BA28C71F0500211FD7 /* AfricaApp_SwiftUIUITests.swift in Sources */,
			);
			runOnlyForDeploymentPostprocessing = 0;
		};
/* End PBXSourcesBuildPhase section */

/* Begin PBXTargetDependency section */
		BF0B82AD28C71F0500211FD7 /* PBXTargetDependency */ = {
			isa = PBXTargetDependency;
			target = BF0B829A28C71F0300211FD7 /* AfricaApp-SwiftUI */;
			targetProxy = BF0B82AC28C71F0500211FD7 /* PBXContainerItemProxy */;
		};
		BF0B82B728C71F0500211FD7 /* PBXTargetDependency */ = {
			isa = PBXTargetDependency;
			target = BF0B829A28C71F0300211FD7 /* AfricaApp-SwiftUI */;
			targetProxy = BF0B82B628C71F0500211FD7 /* PBXContainerItemProxy */;
		};
/* End PBXTargetDependency section */

/* Begin XCBuildConfiguration section */
		BF0B82BD28C71F0500211FD7 /* Debug */ = {
			isa = XCBuildConfiguration;
			buildSettings = {
				ALWAYS_SEARCH_USER_PATHS = NO;
				CLANG_ANALYZER_NONNULL = YES;
				CLANG_ANALYZER_NUMBER_OBJECT_CONVERSION = YES_AGGRESSIVE;
				CLANG_CXX_LANGUAGE_STANDARD = "gnu++17";
				CLANG_ENABLE_MODULES = YES;
				CLANG_ENABLE_OBJC_ARC = YES;
				CLANG_ENABLE_OBJC_WEAK = YES;
				CLANG_WARN_BLOCK_CAPTURE_AUTORELEASING = YES;
				CLANG_WARN_BOOL_CONVERSION = YES;
				CLANG_WARN_COMMA = YES;
				CLANG_WARN_CONSTANT_CONVERSION = YES;
				CLANG_WARN_DEPRECATED_OBJC_IMPLEMENTATIONS = YES;
				CLANG_WARN_DIRECT_OBJC_ISA_USAGE = YES_ERROR;
				CLANG_WARN_DOCUMENTATION_COMMENTS = YES;
				CLANG_WARN_EMPTY_BODY = YES;
				CLANG_WARN_ENUM_CONVERSION = YES;
				CLANG_WARN_INFINITE_RECURSION = YES;
				CLANG_WARN_INT_CONVERSION = YES;
				CLANG_WARN_NON_LITERAL_NULL_CONVERSION = YES;
				CLANG_WARN_OBJC_IMPLICIT_RETAIN_SELF = YES;
				CLANG_WARN_OBJC_LITERAL_CONVERSION = YES;
				CLANG_WARN_OBJC_ROOT_CLASS = YES_ERROR;
				CLANG_WARN_QUOTED_INCLUDE_IN_FRAMEWORK_HEADER = YES;
				CLANG_WARN_RANGE_LOOP_ANALYSIS = YES;
				CLANG_WARN_STRICT_PROTOTYPES = YES;
				CLANG_WARN_SUSPICIOUS_MOVE = YES;
				CLANG_WARN_UNGUARDED_AVAILABILITY = YES_AGGRESSIVE;
				CLANG_WARN_UNREACHABLE_CODE = YES;
				CLANG_WARN__DUPLICATE_METHOD_MATCH = YES;
				COPY_PHASE_STRIP = NO;
				DEBUG_INFORMATION_FORMAT = dwarf;
				ENABLE_STRICT_OBJC_MSGSEND = YES;
				ENABLE_TESTABILITY = YES;
				GCC_C_LANGUAGE_STANDARD = gnu11;
				GCC_DYNAMIC_NO_PIC = NO;
				GCC_NO_COMMON_BLOCKS = YES;
				GCC_OPTIMIZATION_LEVEL = 0;
				GCC_PREPROCESSOR_DEFINITIONS = (
					"DEBUG=1",
					"$(inherited)",
				);
				GCC_WARN_64_TO_32_BIT_CONVERSION = YES;
				GCC_WARN_ABOUT_RETURN_TYPE = YES_ERROR;
				GCC_WARN_UNDECLARED_SELECTOR = YES;
				GCC_WARN_UNINITIALIZED_AUTOS = YES_AGGRESSIVE;
				GCC_WARN_UNUSED_FUNCTION = YES;
				GCC_WARN_UNUSED_VARIABLE = YES;
				IPHONEOS_DEPLOYMENT_TARGET = 15.5;
				MTL_ENABLE_DEBUG_INFO = INCLUDE_SOURCE;
				MTL_FAST_MATH = YES;
				ONLY_ACTIVE_ARCH = YES;
				SDKROOT = iphoneos;
				SWIFT_ACTIVE_COMPILATION_CONDITIONS = DEBUG;
				SWIFT_OPTIMIZATION_LEVEL = "-Onone";
			};
			name = Debug;
		};
		BF0B82BE28C71F0500211FD7 /* Release */ = {
			isa = XCBuildConfiguration;
			buildSettings = {
				ALWAYS_SEARCH_USER_PATHS = NO;
				CLANG_ANALYZER_NONNULL = YES;
				CLANG_ANALYZER_NUMBER_OBJECT_CONVERSION = YES_AGGRESSIVE;
				CLANG_CXX_LANGUAGE_STANDARD = "gnu++17";
				CLANG_ENABLE_MODULES = YES;
				CLANG_ENABLE_OBJC_ARC = YES;
				CLANG_ENABLE_OBJC_WEAK = YES;
				CLANG_WARN_BLOCK_CAPTURE_AUTORELEASING = YES;
				CLANG_WARN_BOOL_CONVERSION = YES;
				CLANG_WARN_COMMA = YES;
				CLANG_WARN_CONSTANT_CONVERSION = YES;
				CLANG_WARN_DEPRECATED_OBJC_IMPLEMENTATIONS = YES;
				CLANG_WARN_DIRECT_OBJC_ISA_USAGE = YES_ERROR;
				CLANG_WARN_DOCUMENTATION_COMMENTS = YES;
				CLANG_WARN_EMPTY_BODY = YES;
				CLANG_WARN_ENUM_CONVERSION = YES;
				CLANG_WARN_INFINITE_RECURSION = YES;
				CLANG_WARN_INT_CONVERSION = YES;
				CLANG_WARN_NON_LITERAL_NULL_CONVERSION = YES;
				CLANG_WARN_OBJC_IMPLICIT_RETAIN_SELF = YES;
				CLANG_WARN_OBJC_LITERAL_CONVERSION = YES;
				CLANG_WARN_OBJC_ROOT_CLASS = YES_ERROR;
				CLANG_WARN_QUOTED_INCLUDE_IN_FRAMEWORK_HEADER = YES;
				CLANG_WARN_RANGE_LOOP_ANALYSIS = YES;
				CLANG_WARN_STRICT_PROTOTYPES = YES;
				CLANG_WARN_SUSPICIOUS_MOVE = YES;
				CLANG_WARN_UNGUARDED_AVAILABILITY = YES_AGGRESSIVE;
				CLANG_WARN_UNREACHABLE_CODE = YES;
				CLANG_WARN__DUPLICATE_METHOD_MATCH = YES;
				COPY_PHASE_STRIP = NO;
				DEBUG_INFORMATION_FORMAT = "dwarf-with-dsym";
				ENABLE_NS_ASSERTIONS = NO;
				ENABLE_STRICT_OBJC_MSGSEND = YES;
				GCC_C_LANGUAGE_STANDARD = gnu11;
				GCC_NO_COMMON_BLOCKS = YES;
				GCC_WARN_64_TO_32_BIT_CONVERSION = YES;
				GCC_WARN_ABOUT_RETURN_TYPE = YES_ERROR;
				GCC_WARN_UNDECLARED_SELECTOR = YES;
				GCC_WARN_UNINITIALIZED_AUTOS = YES_AGGRESSIVE;
				GCC_WARN_UNUSED_FUNCTION = YES;
				GCC_WARN_UNUSED_VARIABLE = YES;
				IPHONEOS_DEPLOYMENT_TARGET = 15.5;
				MTL_ENABLE_DEBUG_INFO = NO;
				MTL_FAST_MATH = YES;
				SDKROOT = iphoneos;
				SWIFT_COMPILATION_MODE = wholemodule;
				SWIFT_OPTIMIZATION_LEVEL = "-O";
				VALIDATE_PRODUCT = YES;
			};
			name = Release;
		};
		BF0B82C028C71F0500211FD7 /* Debug */ = {
			isa = XCBuildConfiguration;
			buildSettings = {
				ASSETCATALOG_COMPILER_APPICON_NAME = AppIcon;
				ASSETCATALOG_COMPILER_GLOBAL_ACCENT_COLOR_NAME = AccentColor;
				CODE_SIGN_STYLE = Automatic;
				CURRENT_PROJECT_VERSION = 1;
				DEVELOPMENT_ASSET_PATHS = "\"AfricaApp-SwiftUI/Preview Content\"";
				DEVELOPMENT_TEAM = L8QX5LU28U;
				ENABLE_PREVIEWS = YES;
				GENERATE_INFOPLIST_FILE = YES;
				INFOPLIST_FILE = "AfricaApp-SwiftUI/Info.plist";
				INFOPLIST_KEY_UIApplicationSceneManifest_Generation = YES;
				INFOPLIST_KEY_UIApplicationSupportsIndirectInputEvents = YES;
				INFOPLIST_KEY_UISupportedInterfaceOrientations_iPad = "UIInterfaceOrientationPortrait UIInterfaceOrientationPortraitUpsideDown UIInterfaceOrientationLandscapeLeft UIInterfaceOrientationLandscapeRight";
				INFOPLIST_KEY_UISupportedInterfaceOrientations_iPhone = "UIInterfaceOrientationPortrait UIInterfaceOrientationLandscapeLeft UIInterfaceOrientationLandscapeRight";
				INFOPLIST_KEY_UIUserInterfaceStyle = Dark;
				LD_RUNPATH_SEARCH_PATHS = (
					"$(inherited)",
					"@executable_path/Frameworks",
				);
				MARKETING_VERSION = 1.0;
				PRODUCT_BUNDLE_IDENTIFIER = "au.edu.uts.student.AfricaApp-SwiftUI";
				PRODUCT_NAME = "$(TARGET_NAME)";
				SWIFT_EMIT_LOC_STRINGS = YES;
				SWIFT_VERSION = 5.0;
				TARGETED_DEVICE_FAMILY = "1,2";
			};
			name = Debug;
		};
		BF0B82C128C71F0500211FD7 /* Release */ = {
			isa = XCBuildConfiguration;
			buildSettings = {
				ASSETCATALOG_COMPILER_APPICON_NAME = AppIcon;
				ASSETCATALOG_COMPILER_GLOBAL_ACCENT_COLOR_NAME = AccentColor;
				CODE_SIGN_STYLE = Automatic;
				CURRENT_PROJECT_VERSION = 1;
				DEVELOPMENT_ASSET_PATHS = "\"AfricaApp-SwiftUI/Preview Content\"";
				DEVELOPMENT_TEAM = L8QX5LU28U;
				ENABLE_PREVIEWS = YES;
				GENERATE_INFOPLIST_FILE = YES;
				INFOPLIST_FILE = "AfricaApp-SwiftUI/Info.plist";
				INFOPLIST_KEY_UIApplicationSceneManifest_Generation = YES;
				INFOPLIST_KEY_UIApplicationSupportsIndirectInputEvents = YES;
				INFOPLIST_KEY_UISupportedInterfaceOrientations_iPad = "UIInterfaceOrientationPortrait UIInterfaceOrientationPortraitUpsideDown UIInterfaceOrientationLandscapeLeft UIInterfaceOrientationLandscapeRight";
				INFOPLIST_KEY_UISupportedInterfaceOrientations_iPhone = "UIInterfaceOrientationPortrait UIInterfaceOrientationLandscapeLeft UIInterfaceOrientationLandscapeRight";
				INFOPLIST_KEY_UIUserInterfaceStyle = Dark;
				LD_RUNPATH_SEARCH_PATHS = (
					"$(inherited)",
					"@executable_path/Frameworks",
				);
				MARKETING_VERSION = 1.0;
				PRODUCT_BUNDLE_IDENTIFIER = "au.edu.uts.student.AfricaApp-SwiftUI";
				PRODUCT_NAME = "$(TARGET_NAME)";
				SWIFT_EMIT_LOC_STRINGS = YES;
				SWIFT_VERSION = 5.0;
				TARGETED_DEVICE_FAMILY = "1,2";
			};
			name = Release;
		};
		BF0B82C328C71F0500211FD7 /* Debug */ = {
			isa = XCBuildConfiguration;
			buildSettings = {
				ALWAYS_EMBED_SWIFT_STANDARD_LIBRARIES = YES;
				BUNDLE_LOADER = "$(TEST_HOST)";
				CODE_SIGN_STYLE = Automatic;
				CURRENT_PROJECT_VERSION = 1;
				DEVELOPMENT_TEAM = L8QX5LU28U;
				GENERATE_INFOPLIST_FILE = YES;
				IPHONEOS_DEPLOYMENT_TARGET = 15.5;
				MARKETING_VERSION = 1.0;
				PRODUCT_BUNDLE_IDENTIFIER = "au.edu.uts.student.AfricaApp-SwiftUITests";
				PRODUCT_NAME = "$(TARGET_NAME)";
				SWIFT_EMIT_LOC_STRINGS = NO;
				SWIFT_VERSION = 5.0;
				TARGETED_DEVICE_FAMILY = "1,2";
				TEST_HOST = "$(BUILT_PRODUCTS_DIR)/AfricaApp-SwiftUI.app/AfricaApp-SwiftUI";
			};
			name = Debug;
		};
		BF0B82C428C71F0500211FD7 /* Release */ = {
			isa = XCBuildConfiguration;
			buildSettings = {
				ALWAYS_EMBED_SWIFT_STANDARD_LIBRARIES = YES;
				BUNDLE_LOADER = "$(TEST_HOST)";
				CODE_SIGN_STYLE = Automatic;
				CURRENT_PROJECT_VERSION = 1;
				DEVELOPMENT_TEAM = L8QX5LU28U;
				GENERATE_INFOPLIST_FILE = YES;
				IPHONEOS_DEPLOYMENT_TARGET = 15.5;
				MARKETING_VERSION = 1.0;
				PRODUCT_BUNDLE_IDENTIFIER = "au.edu.uts.student.AfricaApp-SwiftUITests";
				PRODUCT_NAME = "$(TARGET_NAME)";
				SWIFT_EMIT_LOC_STRINGS = NO;
				SWIFT_VERSION = 5.0;
				TARGETED_DEVICE_FAMILY = "1,2";
				TEST_HOST = "$(BUILT_PRODUCTS_DIR)/AfricaApp-SwiftUI.app/AfricaApp-SwiftUI";
			};
			name = Release;
		};
		BF0B82C628C71F0500211FD7 /* Debug */ = {
			isa = XCBuildConfiguration;
			buildSettings = {
				ALWAYS_EMBED_SWIFT_STANDARD_LIBRARIES = YES;
				CODE_SIGN_STYLE = Automatic;
				CURRENT_PROJECT_VERSION = 1;
				DEVELOPMENT_TEAM = L8QX5LU28U;
				GENERATE_INFOPLIST_FILE = YES;
				MARKETING_VERSION = 1.0;
				PRODUCT_BUNDLE_IDENTIFIER = "au.edu.uts.student.AfricaApp-SwiftUIUITests";
				PRODUCT_NAME = "$(TARGET_NAME)";
				SWIFT_EMIT_LOC_STRINGS = NO;
				SWIFT_VERSION = 5.0;
				TARGETED_DEVICE_FAMILY = "1,2";
				TEST_TARGET_NAME = "AfricaApp-SwiftUI";
			};
			name = Debug;
		};
		BF0B82C728C71F0500211FD7 /* Release */ = {
			isa = XCBuildConfiguration;
			buildSettings = {
				ALWAYS_EMBED_SWIFT_STANDARD_LIBRARIES = YES;
				CODE_SIGN_STYLE = Automatic;
				CURRENT_PROJECT_VERSION = 1;
				DEVELOPMENT_TEAM = L8QX5LU28U;
				GENERATE_INFOPLIST_FILE = YES;
				MARKETING_VERSION = 1.0;
				PRODUCT_BUNDLE_IDENTIFIER = "au.edu.uts.student.AfricaApp-SwiftUIUITests";
				PRODUCT_NAME = "$(TARGET_NAME)";
				SWIFT_EMIT_LOC_STRINGS = NO;
				SWIFT_VERSION = 5.0;
				TARGETED_DEVICE_FAMILY = "1,2";
				TEST_TARGET_NAME = "AfricaApp-SwiftUI";
			};
			name = Release;
		};
/* End XCBuildConfiguration section */

/* Begin XCConfigurationList section */
		BF0B829628C71F0300211FD7 /* Build configuration list for PBXProject "AfricaApp-SwiftUI" */ = {
			isa = XCConfigurationList;
			buildConfigurations = (
				BF0B82BD28C71F0500211FD7 /* Debug */,
				BF0B82BE28C71F0500211FD7 /* Release */,
			);
			defaultConfigurationIsVisible = 0;
			defaultConfigurationName = Release;
		};
		BF0B82BF28C71F0500211FD7 /* Build configuration list for PBXNativeTarget "AfricaApp-SwiftUI" */ = {
			isa = XCConfigurationList;
			buildConfigurations = (
				BF0B82C028C71F0500211FD7 /* Debug */,
				BF0B82C128C71F0500211FD7 /* Release */,
			);
			defaultConfigurationIsVisible = 0;
			defaultConfigurationName = Release;
		};
		BF0B82C228C71F0500211FD7 /* Build configuration list for PBXNativeTarget "AfricaApp-SwiftUITests" */ = {
			isa = XCConfigurationList;
			buildConfigurations = (
				BF0B82C328C71F0500211FD7 /* Debug */,
				BF0B82C428C71F0500211FD7 /* Release */,
			);
			defaultConfigurationIsVisible = 0;
			defaultConfigurationName = Release;
		};
		BF0B82C528C71F0500211FD7 /* Build configuration list for PBXNativeTarget "AfricaApp-SwiftUIUITests" */ = {
			isa = XCConfigurationList;
			buildConfigurations = (
				BF0B82C628C71F0500211FD7 /* Debug */,
				BF0B82C728C71F0500211FD7 /* Release */,
			);
			defaultConfigurationIsVisible = 0;
			defaultConfigurationName = Release;
		};
/* End XCConfigurationList section */
	};
	rootObject = BF0B829328C71F0300211FD7 /* Project object */;
}
